// !$*UTF8*$!
{
	archiveVersion = 1;
	classes = {
	};
	objectVersion = 46;
	objects = {

/* Begin PBXBuildFile section */
		A4013ECDF47821B91A7DF815 /* Pods_ASD.framework in Frameworks */ = {isa = PBXBuildFile; fileRef = 402A0A41BAB581D1256B1A3D /* Pods_ASD.framework */; };
		C02915D51D163FF60054FE37 /* Chess.swift in Sources */ = {isa = PBXBuildFile; fileRef = C02915D41D163FF60054FE37 /* Chess.swift */; };
		C054401D1D001F32004891F5 /* AppDelegate.swift in Sources */ = {isa = PBXBuildFile; fileRef = C054401C1D001F32004891F5 /* AppDelegate.swift */; };
		C054401F1D001F32004891F5 /* ViewController.swift in Sources */ = {isa = PBXBuildFile; fileRef = C054401E1D001F32004891F5 /* ViewController.swift */; };
		C05440221D001F32004891F5 /* Main.storyboard in Resources */ = {isa = PBXBuildFile; fileRef = C05440201D001F32004891F5 /* Main.storyboard */; };
		C05440241D001F32004891F5 /* Assets.xcassets in Resources */ = {isa = PBXBuildFile; fileRef = C05440231D001F32004891F5 /* Assets.xcassets */; };
		C05440271D001F32004891F5 /* LaunchScreen.storyboard in Resources */ = {isa = PBXBuildFile; fileRef = C05440251D001F32004891F5 /* LaunchScreen.storyboard */; };
		C05440321D001F32004891F5 /* ASDTests.swift in Sources */ = {isa = PBXBuildFile; fileRef = C05440311D001F32004891F5 /* ASDTests.swift */; };
		C054403D1D001F32004891F5 /* ASDUITests.swift in Sources */ = {isa = PBXBuildFile; fileRef = C054403C1D001F32004891F5 /* ASDUITests.swift */; };
		C054404B1D00296D004891F5 /* SnapKit.framework in Frameworks */ = {isa = PBXBuildFile; fileRef = C054404A1D00296D004891F5 /* SnapKit.framework */; };
		C054404C1D00296D004891F5 /* SnapKit.framework in Embed Frameworks */ = {isa = PBXBuildFile; fileRef = C054404A1D00296D004891F5 /* SnapKit.framework */; settings = {ATTRIBUTES = (CodeSignOnCopy, RemoveHeadersOnCopy, ); }; };
		C0F294A71D153D59005BF4F3 /* ChessboardView.swift in Sources */ = {isa = PBXBuildFile; fileRef = C0F294A61D153D59005BF4F3 /* ChessboardView.swift */; };
		C0F294A91D1566FC005BF4F3 /* LocationProperty.swift in Sources */ = {isa = PBXBuildFile; fileRef = C0F294A81D1566FC005BF4F3 /* LocationProperty.swift */; };
/* End PBXBuildFile section */

/* Begin PBXContainerItemProxy section */
		C054402E1D001F32004891F5 /* PBXContainerItemProxy */ = {
			isa = PBXContainerItemProxy;
			containerPortal = C05440111D001F32004891F5 /* Project object */;
			proxyType = 1;
			remoteGlobalIDString = C05440181D001F32004891F5;
			remoteInfo = ASD;
		};
		C05440391D001F32004891F5 /* PBXContainerItemProxy */ = {
			isa = PBXContainerItemProxy;
			containerPortal = C05440111D001F32004891F5 /* Project object */;
			proxyType = 1;
			remoteGlobalIDString = C05440181D001F32004891F5;
			remoteInfo = ASD;
		};
/* End PBXContainerItemProxy section */

/* Begin PBXCopyFilesBuildPhase section */
		C054404D1D00296E004891F5 /* Embed Frameworks */ = {
			isa = PBXCopyFilesBuildPhase;
			buildActionMask = 2147483647;
			dstPath = "";
			dstSubfolderSpec = 10;
			files = (
				C054404C1D00296D004891F5 /* SnapKit.framework in Embed Frameworks */,
			);
			name = "Embed Frameworks";
			runOnlyForDeploymentPostprocessing = 0;
		};
/* End PBXCopyFilesBuildPhase section */

/* Begin PBXFileReference section */
		1AE6E78A524C687D8AC341E1 /* Pods-ASD.release.xcconfig */ = {isa = PBXFileReference; includeInIndex = 1; lastKnownFileType = text.xcconfig; name = "Pods-ASD.release.xcconfig"; path = "Pods/Target Support Files/Pods-ASD/Pods-ASD.release.xcconfig"; sourceTree = "<group>"; };
		402A0A41BAB581D1256B1A3D /* Pods_ASD.framework */ = {isa = PBXFileReference; explicitFileType = wrapper.framework; includeInIndex = 0; path = Pods_ASD.framework; sourceTree = BUILT_PRODUCTS_DIR; };
		C02915D41D163FF60054FE37 /* Chess.swift */ = {isa = PBXFileReference; fileEncoding = 4; lastKnownFileType = sourcecode.swift; path = Chess.swift; sourceTree = "<group>"; };
		C05440191D001F32004891F5 /* ASD.app */ = {isa = PBXFileReference; explicitFileType = wrapper.application; includeInIndex = 0; path = ASD.app; sourceTree = BUILT_PRODUCTS_DIR; };
		C054401C1D001F32004891F5 /* AppDelegate.swift */ = {isa = PBXFileReference; lastKnownFileType = sourcecode.swift; path = AppDelegate.swift; sourceTree = "<group>"; };
		C054401E1D001F32004891F5 /* ViewController.swift */ = {isa = PBXFileReference; lastKnownFileType = sourcecode.swift; path = ViewController.swift; sourceTree = "<group>"; };
		C05440211D001F32004891F5 /* Base */ = {isa = PBXFileReference; lastKnownFileType = file.storyboard; name = Base; path = Base.lproj/Main.storyboard; sourceTree = "<group>"; };
		C05440231D001F32004891F5 /* Assets.xcassets */ = {isa = PBXFileReference; lastKnownFileType = folder.assetcatalog; path = Assets.xcassets; sourceTree = "<group>"; };
		C05440261D001F32004891F5 /* Base */ = {isa = PBXFileReference; lastKnownFileType = file.storyboard; name = Base; path = Base.lproj/LaunchScreen.storyboard; sourceTree = "<group>"; };
		C05440281D001F32004891F5 /* Info.plist */ = {isa = PBXFileReference; lastKnownFileType = text.plist.xml; path = Info.plist; sourceTree = "<group>"; };
		C054402D1D001F32004891F5 /* ASDTests.xctest */ = {isa = PBXFileReference; explicitFileType = wrapper.cfbundle; includeInIndex = 0; path = ASDTests.xctest; sourceTree = BUILT_PRODUCTS_DIR; };
		C05440311D001F32004891F5 /* ASDTests.swift */ = {isa = PBXFileReference; lastKnownFileType = sourcecode.swift; path = ASDTests.swift; sourceTree = "<group>"; };
		C05440331D001F32004891F5 /* Info.plist */ = {isa = PBXFileReference; lastKnownFileType = text.plist.xml; path = Info.plist; sourceTree = "<group>"; };
		C05440381D001F32004891F5 /* ASDUITests.xctest */ = {isa = PBXFileReference; explicitFileType = wrapper.cfbundle; includeInIndex = 0; path = ASDUITests.xctest; sourceTree = BUILT_PRODUCTS_DIR; };
		C054403C1D001F32004891F5 /* ASDUITests.swift */ = {isa = PBXFileReference; lastKnownFileType = sourcecode.swift; path = ASDUITests.swift; sourceTree = "<group>"; };
		C054403E1D001F32004891F5 /* Info.plist */ = {isa = PBXFileReference; lastKnownFileType = text.plist.xml; path = Info.plist; sourceTree = "<group>"; };
		C054404A1D00296D004891F5 /* SnapKit.framework */ = {isa = PBXFileReference; explicitFileType = wrapper.framework; name = SnapKit.framework; path = "/Users/Geetion/Library/Developer/Xcode/DerivedData/ASD-ghewztxoqgsgxebfvhzozwcvazge/Build/Products/Debug-iphonesimulator/SnapKit/SnapKit.framework"; sourceTree = "<absolute>"; };
		C0F294A61D153D59005BF4F3 /* ChessboardView.swift */ = {isa = PBXFileReference; fileEncoding = 4; lastKnownFileType = sourcecode.swift; path = ChessboardView.swift; sourceTree = "<group>"; };
		C0F294A81D1566FC005BF4F3 /* LocationProperty.swift */ = {isa = PBXFileReference; fileEncoding = 4; lastKnownFileType = sourcecode.swift; path = LocationProperty.swift; sourceTree = "<group>"; };
		E8639E6A0944291F69509718 /* Pods-ASD.debug.xcconfig */ = {isa = PBXFileReference; includeInIndex = 1; lastKnownFileType = text.xcconfig; name = "Pods-ASD.debug.xcconfig"; path = "Pods/Target Support Files/Pods-ASD/Pods-ASD.debug.xcconfig"; sourceTree = "<group>"; };
/* End PBXFileReference section */

/* Begin PBXFrameworksBuildPhase section */
		C05440161D001F32004891F5 /* Frameworks */ = {
			isa = PBXFrameworksBuildPhase;
			buildActionMask = 2147483647;
			files = (
				A4013ECDF47821B91A7DF815 /* Pods_ASD.framework in Frameworks */,
				C054404B1D00296D004891F5 /* SnapKit.framework in Frameworks */,
			);
			runOnlyForDeploymentPostprocessing = 0;
		};
		C054402A1D001F32004891F5 /* Frameworks */ = {
			isa = PBXFrameworksBuildPhase;
			buildActionMask = 2147483647;
			files = (
			);
			runOnlyForDeploymentPostprocessing = 0;
		};
		C05440351D001F32004891F5 /* Frameworks */ = {
			isa = PBXFrameworksBuildPhase;
			buildActionMask = 2147483647;
			files = (
			);
			runOnlyForDeploymentPostprocessing = 0;
		};
/* End PBXFrameworksBuildPhase section */

/* Begin PBXGroup section */
		1924F1092E0C023B7BA1877F /* Pods */ = {
			isa = PBXGroup;
			children = (
				E8639E6A0944291F69509718 /* Pods-ASD.debug.xcconfig */,
				1AE6E78A524C687D8AC341E1 /* Pods-ASD.release.xcconfig */,
			);
			name = Pods;
			sourceTree = "<group>";
		};
		C05440101D001F32004891F5 = {
			isa = PBXGroup;
			children = (
				C054404A1D00296D004891F5 /* SnapKit.framework */,
				C054401B1D001F32004891F5 /* ASD */,
				C05440301D001F32004891F5 /* ASDTests */,
				C054403B1D001F32004891F5 /* ASDUITests */,
				C054401A1D001F32004891F5 /* Products */,
				1924F1092E0C023B7BA1877F /* Pods */,
				FA87CC8BC12A0639E5106057 /* Frameworks */,
			);
			sourceTree = "<group>";
		};
		C054401A1D001F32004891F5 /* Products */ = {
			isa = PBXGroup;
			children = (
				C05440191D001F32004891F5 /* ASD.app */,
				C054402D1D001F32004891F5 /* ASDTests.xctest */,
				C05440381D001F32004891F5 /* ASDUITests.xctest */,
			);
			name = Products;
			sourceTree = "<group>";
		};
		C054401B1D001F32004891F5 /* ASD */ = {
			isa = PBXGroup;
			children = (
				C054401C1D001F32004891F5 /* AppDelegate.swift */,
				C054401E1D001F32004891F5 /* ViewController.swift */,
				C0F294A61D153D59005BF4F3 /* ChessboardView.swift */,
				C0F294A81D1566FC005BF4F3 /* LocationProperty.swift */,
				C02915D41D163FF60054FE37 /* Chess.swift */,
				C05440201D001F32004891F5 /* Main.storyboard */,
				C05440231D001F32004891F5 /* Assets.xcassets */,
				C05440251D001F32004891F5 /* LaunchScreen.storyboard */,
				C05440281D001F32004891F5 /* Info.plist */,
			);
			path = ASD;
			sourceTree = "<group>";
		};
		C05440301D001F32004891F5 /* ASDTests */ = {
			isa = PBXGroup;
			children = (
				C05440311D001F32004891F5 /* ASDTests.swift */,
				C05440331D001F32004891F5 /* Info.plist */,
			);
			path = ASDTests;
			sourceTree = "<group>";
		};
		C054403B1D001F32004891F5 /* ASDUITests */ = {
			isa = PBXGroup;
			children = (
				C054403C1D001F32004891F5 /* ASDUITests.swift */,
				C054403E1D001F32004891F5 /* Info.plist */,
			);
			path = ASDUITests;
			sourceTree = "<group>";
		};
		FA87CC8BC12A0639E5106057 /* Frameworks */ = {
			isa = PBXGroup;
			children = (
				402A0A41BAB581D1256B1A3D /* Pods_ASD.framework */,
			);
			name = Frameworks;
			sourceTree = "<group>";
		};
/* End PBXGroup section */

/* Begin PBXNativeTarget section */
		C05440181D001F32004891F5 /* ASD */ = {
			isa = PBXNativeTarget;
			buildConfigurationList = C05440411D001F32004891F5 /* Build configuration list for PBXNativeTarget "ASD" */;
			buildPhases = (
				1F007388B60ACD593D7EA90B /* 📦 Check Pods Manifest.lock */,
				C05440151D001F32004891F5 /* Sources */,
				C05440161D001F32004891F5 /* Frameworks */,
				C05440171D001F32004891F5 /* Resources */,
				6E146C27008C4A4006F6152B /* 📦 Embed Pods Frameworks */,
				500230DB9CAAF0C3C4367CA7 /* 📦 Copy Pods Resources */,
				C054404D1D00296E004891F5 /* Embed Frameworks */,
			);
			buildRules = (
			);
			dependencies = (
			);
			name = ASD;
			productName = ASD;
			productReference = C05440191D001F32004891F5 /* ASD.app */;
			productType = "com.apple.product-type.application";
		};
		C054402C1D001F32004891F5 /* ASDTests */ = {
			isa = PBXNativeTarget;
			buildConfigurationList = C05440441D001F32004891F5 /* Build configuration list for PBXNativeTarget "ASDTests" */;
			buildPhases = (
				C05440291D001F32004891F5 /* Sources */,
				C054402A1D001F32004891F5 /* Frameworks */,
				C054402B1D001F32004891F5 /* Resources */,
			);
			buildRules = (
			);
			dependencies = (
				C054402F1D001F32004891F5 /* PBXTargetDependency */,
			);
			name = ASDTests;
			productName = ASDTests;
			productReference = C054402D1D001F32004891F5 /* ASDTests.xctest */;
			productType = "com.apple.product-type.bundle.unit-test";
		};
		C05440371D001F32004891F5 /* ASDUITests */ = {
			isa = PBXNativeTarget;
			buildConfigurationList = C05440471D001F32004891F5 /* Build configuration list for PBXNativeTarget "ASDUITests" */;
			buildPhases = (
				C05440341D001F32004891F5 /* Sources */,
				C05440351D001F32004891F5 /* Frameworks */,
				C05440361D001F32004891F5 /* Resources */,
			);
			buildRules = (
			);
			dependencies = (
				C054403A1D001F32004891F5 /* PBXTargetDependency */,
			);
			name = ASDUITests;
			productName = ASDUITests;
			productReference = C05440381D001F32004891F5 /* ASDUITests.xctest */;
			productType = "com.apple.product-type.bundle.ui-testing";
		};
/* End PBXNativeTarget section */

/* Begin PBXProject section */
		C05440111D001F32004891F5 /* Project object */ = {
			isa = PBXProject;
			attributes = {
				LastSwiftUpdateCheck = 0730;
				LastUpgradeCheck = 0730;
				ORGANIZATIONNAME = Geetion;
				TargetAttributes = {
					C05440181D001F32004891F5 = {
						CreatedOnToolsVersion = 7.3.1;
						DevelopmentTeam = K7PR95WTDD;
					};
					C054402C1D001F32004891F5 = {
						CreatedOnToolsVersion = 7.3.1;
						TestTargetID = C05440181D001F32004891F5;
					};
					C05440371D001F32004891F5 = {
						CreatedOnToolsVersion = 7.3.1;
						TestTargetID = C05440181D001F32004891F5;
					};
				};
			};
			buildConfigurationList = C05440141D001F32004891F5 /* Build configuration list for PBXProject "ASD" */;
			compatibilityVersion = "Xcode 3.2";
			developmentRegion = English;
			hasScannedForEncodings = 0;
			knownRegions = (
				en,
				Base,
			);
			mainGroup = C05440101D001F32004891F5;
			productRefGroup = C054401A1D001F32004891F5 /* Products */;
			projectDirPath = "";
			projectRoot = "";
			targets = (
				C05440181D001F32004891F5 /* ASD */,
				C054402C1D001F32004891F5 /* ASDTests */,
				C05440371D001F32004891F5 /* ASDUITests */,
			);
		};
/* End PBXProject section */

/* Begin PBXResourcesBuildPhase section */
		C05440171D001F32004891F5 /* Resources */ = {
			isa = PBXResourcesBuildPhase;
			buildActionMask = 2147483647;
			files = (
				C05440271D001F32004891F5 /* LaunchScreen.storyboard in Resources */,
				C05440241D001F32004891F5 /* Assets.xcassets in Resources */,
				C05440221D001F32004891F5 /* Main.storyboard in Resources */,
			);
			runOnlyForDeploymentPostprocessing = 0;
		};
		C054402B1D001F32004891F5 /* Resources */ = {
			isa = PBXResourcesBuildPhase;
			buildActionMask = 2147483647;
			files = (
			);
			runOnlyForDeploymentPostprocessing = 0;
		};
		C05440361D001F32004891F5 /* Resources */ = {
			isa = PBXResourcesBuildPhase;
			buildActionMask = 2147483647;
			files = (
			);
			runOnlyForDeploymentPostprocessing = 0;
		};
/* End PBXResourcesBuildPhase section */

/* Begin PBXShellScriptBuildPhase section */
		1F007388B60ACD593D7EA90B /* 📦 Check Pods Manifest.lock */ = {
			isa = PBXShellScriptBuildPhase;
			buildActionMask = 2147483647;
			files = (
			);
			inputPaths = (
			);
			name = "📦 Check Pods Manifest.lock";
			outputPaths = (
			);
			runOnlyForDeploymentPostprocessing = 0;
			shellPath = /bin/sh;
			shellScript = "diff \"${PODS_ROOT}/../Podfile.lock\" \"${PODS_ROOT}/Manifest.lock\" > /dev/null\nif [[ $? != 0 ]] ; then\n    cat << EOM\nerror: The sandbox is not in sync with the Podfile.lock. Run 'pod install' or update your CocoaPods installation.\nEOM\n    exit 1\nfi\n";
			showEnvVarsInLog = 0;
		};
		500230DB9CAAF0C3C4367CA7 /* 📦 Copy Pods Resources */ = {
			isa = PBXShellScriptBuildPhase;
			buildActionMask = 2147483647;
			files = (
			);
			inputPaths = (
			);
			name = "📦 Copy Pods Resources";
			outputPaths = (
			);
			runOnlyForDeploymentPostprocessing = 0;
			shellPath = /bin/sh;
			shellScript = "\"${SRCROOT}/Pods/Target Support Files/Pods-ASD/Pods-ASD-resources.sh\"\n";
			showEnvVarsInLog = 0;
		};
		6E146C27008C4A4006F6152B /* 📦 Embed Pods Frameworks */ = {
			isa = PBXShellScriptBuildPhase;
			buildActionMask = 2147483647;
			files = (
			);
			inputPaths = (
			);
			name = "📦 Embed Pods Frameworks";
			outputPaths = (
			);
			runOnlyForDeploymentPostprocessing = 0;
			shellPath = /bin/sh;
			shellScript = "\"${SRCROOT}/Pods/Target Support Files/Pods-ASD/Pods-ASD-frameworks.sh\"\n";
			showEnvVarsInLog = 0;
		};
/* End PBXShellScriptBuildPhase section */

/* Begin PBXSourcesBuildPhase section */
		C05440151D001F32004891F5 /* Sources */ = {
			isa = PBXSourcesBuildPhase;
			buildActionMask = 2147483647;
			files = (
				C0F294A91D1566FC005BF4F3 /* LocationProperty.swift in Sources */,
				C054401F1D001F32004891F5 /* ViewController.swift in Sources */,
				C054401D1D001F32004891F5 /* AppDelegate.swift in Sources */,
				C02915D51D163FF60054FE37 /* Chess.swift in Sources */,
				C0F294A71D153D59005BF4F3 /* ChessboardView.swift in Sources */,
			);
			runOnlyForDeploymentPostprocessing = 0;
		};
		C05440291D001F32004891F5 /* Sources */ = {
			isa = PBXSourcesBuildPhase;
			buildActionMask = 2147483647;
			files = (
				C05440321D001F32004891F5 /* ASDTests.swift in Sources */,
			);
			runOnlyForDeploymentPostprocessing = 0;
		};
		C05440341D001F32004891F5 /* Sources */ = {
			isa = PBXSourcesBuildPhase;
			buildActionMask = 2147483647;
			files = (
				C054403D1D001F32004891F5 /* ASDUITests.swift in Sources */,
			);
			runOnlyForDeploymentPostprocessing = 0;
		};
/* End PBXSourcesBuildPhase section */

/* Begin PBXTargetDependency section */
		C054402F1D001F32004891F5 /* PBXTargetDependency */ = {
			isa = PBXTargetDependency;
			target = C05440181D001F32004891F5 /* ASD */;
			targetProxy = C054402E1D001F32004891F5 /* PBXContainerItemProxy */;
		};
		C054403A1D001F32004891F5 /* PBXTargetDependency */ = {
			isa = PBXTargetDependency;
			target = C05440181D001F32004891F5 /* ASD */;
			targetProxy = C05440391D001F32004891F5 /* PBXContainerItemProxy */;
		};
/* End PBXTargetDependency section */

/* Begin PBXVariantGroup section */
		C05440201D001F32004891F5 /* Main.storyboard */ = {
			isa = PBXVariantGroup;
			children = (
				C05440211D001F32004891F5 /* Base */,
			);
			name = Main.storyboard;
			sourceTree = "<group>";
		};
		C05440251D001F32004891F5 /* LaunchScreen.storyboard */ = {
			isa = PBXVariantGroup;
			children = (
				C05440261D001F32004891F5 /* Base */,
			);
			name = LaunchScreen.storyboard;
			sourceTree = "<group>";
		};
/* End PBXVariantGroup section */

/* Begin XCBuildConfiguration section */
		C054403F1D001F32004891F5 /* Debug */ = {
			isa = XCBuildConfiguration;
			buildSettings = {
				ALWAYS_SEARCH_USER_PATHS = NO;
				CLANG_ANALYZER_NONNULL = YES;
				CLANG_CXX_LANGUAGE_STANDARD = "gnu++0x";
				CLANG_CXX_LIBRARY = "libc++";
				CLANG_ENABLE_MODULES = YES;
				CLANG_ENABLE_OBJC_ARC = YES;
				CLANG_WARN_BOOL_CONVERSION = YES;
				CLANG_WARN_CONSTANT_CONVERSION = YES;
				CLANG_WARN_DIRECT_OBJC_ISA_USAGE = YES_ERROR;
				CLANG_WARN_EMPTY_BODY = YES;
				CLANG_WARN_ENUM_CONVERSION = YES;
				CLANG_WARN_INT_CONVERSION = YES;
				CLANG_WARN_OBJC_ROOT_CLASS = YES_ERROR;
				CLANG_WARN_UNREACHABLE_CODE = YES;
				CLANG_WARN__DUPLICATE_METHOD_MATCH = YES;
				"CODE_SIGN_IDENTITY[sdk=iphoneos*]" = "iPhone Developer";
				COPY_PHASE_STRIP = NO;
				DEBUG_INFORMATION_FORMAT = dwarf;
				ENABLE_STRICT_OBJC_MSGSEND = YES;
				ENABLE_TESTABILITY = YES;
				GCC_C_LANGUAGE_STANDARD = gnu99;
				GCC_DYNAMIC_NO_PIC = NO;
				GCC_NO_COMMON_BLOCKS = YES;
				GCC_OPTIMIZATION_LEVEL = 0;
				GCC_PREPROCESSOR_DEFINITIONS = (
					"DEBUG=1",
					"$(inherited)",
				);
				GCC_WARN_64_TO_32_BIT_CONVERSION = YES;
				GCC_WARN_ABOUT_RETURN_TYPE = YES_ERROR;
				GCC_WARN_UNDECLARED_SELECTOR = YES;
				GCC_WARN_UNINITIALIZED_AUTOS = YES_AGGRESSIVE;
				GCC_WARN_UNUSED_FUNCTION = YES;
				GCC_WARN_UNUSED_VARIABLE = YES;
				IPHONEOS_DEPLOYMENT_TARGET = 9.3;
				MTL_ENABLE_DEBUG_INFO = YES;
				ONLY_ACTIVE_ARCH = YES;
				SDKROOT = iphoneos;
				SWIFT_OPTIMIZATION_LEVEL = "-Onone";
				TARGETED_DEVICE_FAMILY = "1,2";
			};
			name = Debug;
		};
		C05440401D001F32004891F5 /* Release */ = {
			isa = XCBuildConfiguration;
			buildSettings = {
				ALWAYS_SEARCH_USER_PATHS = NO;
				CLANG_ANALYZER_NONNULL = YES;
				CLANG_CXX_LANGUAGE_STANDARD = "gnu++0x";
				CLANG_CXX_LIBRARY = "libc++";
				CLANG_ENABLE_MODULES = YES;
				CLANG_ENABLE_OBJC_ARC = YES;
				CLANG_WARN_BOOL_CONVERSION = YES;
				CLANG_WARN_CONSTANT_CONVERSION = YES;
				CLANG_WARN_DIRECT_OBJC_ISA_USAGE = YES_ERROR;
				CLANG_WARN_EMPTY_BODY = YES;
				CLANG_WARN_ENUM_CONVERSION = YES;
				CLANG_WARN_INT_CONVERSION = YES;
				CLANG_WARN_OBJC_ROOT_CLASS = YES_ERROR;
				CLANG_WARN_UNREACHABLE_CODE = YES;
				CLANG_WARN__DUPLICATE_METHOD_MATCH = YES;
				"CODE_SIGN_IDENTITY[sdk=iphoneos*]" = "iPhone Developer";
				COPY_PHASE_STRIP = NO;
				DEBUG_INFORMATION_FORMAT = "dwarf-with-dsym";
				ENABLE_NS_ASSERTIONS = NO;
				ENABLE_STRICT_OBJC_MSGSEND = YES;
				GCC_C_LANGUAGE_STANDARD = gnu99;
				GCC_NO_COMMON_BLOCKS = YES;
				GCC_WARN_64_TO_32_BIT_CONVERSION = YES;
				GCC_WARN_ABOUT_RETURN_TYPE = YES_ERROR;
				GCC_WARN_UNDECLARED_SELECTOR = YES;
				GCC_WARN_UNINITIALIZED_AUTOS = YES_AGGRESSIVE;
				GCC_WARN_UNUSED_FUNCTION = YES;
				GCC_WARN_UNUSED_VARIABLE = YES;
				IPHONEOS_DEPLOYMENT_TARGET = 9.3;
				MTL_ENABLE_DEBUG_INFO = NO;
				SDKROOT = iphoneos;
				TARGETED_DEVICE_FAMILY = "1,2";
				VALIDATE_PRODUCT = YES;
			};
			name = Release;
		};
		C05440421D001F32004891F5 /* Debug */ = {
			isa = XCBuildConfiguration;
			baseConfigurationReference = E8639E6A0944291F69509718 /* Pods-ASD.debug.xcconfig */;
			buildSettings = {
				ASSETCATALOG_COMPILER_APPICON_NAME = AppIcon;
				CODE_SIGN_IDENTITY = "iPhone Developer";
				"CODE_SIGN_IDENTITY[sdk=iphoneos*]" = "iPhone Developer";
				INFOPLIST_FILE = ASD/Info.plist;
				LD_RUNPATH_SEARCH_PATHS = "$(inherited) @executable_path/Frameworks";
				PRODUCT_BUNDLE_IDENTIFIER = Geetion.ASD;
				PRODUCT_NAME = "$(TARGET_NAME)";
				PROVISIONING_PROFILE = "";
			};
			name = Debug;
		};
		C05440431D001F32004891F5 /* Release */ = {
			isa = XCBuildConfiguration;
			baseConfigurationReference = 1AE6E78A524C687D8AC341E1 /* Pods-ASD.release.xcconfig */;
			buildSettings = {
				ASSETCATALOG_COMPILER_APPICON_NAME = AppIcon;
				CODE_SIGN_IDENTITY = "iPhone Developer";
				"CODE_SIGN_IDENTITY[sdk=iphoneos*]" = "iPhone Developer";
				INFOPLIST_FILE = ASD/Info.plist;
				LD_RUNPATH_SEARCH_PATHS = "$(inherited) @executable_path/Frameworks";
				PRODUCT_BUNDLE_IDENTIFIER = Geetion.ASD;
				PRODUCT_NAME = "$(TARGET_NAME)";
				PROVISIONING_PROFILE = "";
			};
			name = Release;
		};
		C05440451D001F32004891F5 /* Debug */ = {
			isa = XCBuildConfiguration;
			buildSettings = {
				BUNDLE_LOADER = "$(TEST_HOST)";
				INFOPLIST_FILE = ASDTests/Info.plist;
				LD_RUNPATH_SEARCH_PATHS = "$(inherited) @executable_path/Frameworks @loader_path/Frameworks";
				PRODUCT_BUNDLE_IDENTIFIER = Geetion.ASDTests;
				PRODUCT_NAME = "$(TARGET_NAME)";
				TEST_HOST = "$(BUILT_PRODUCTS_DIR)/ASD.app/ASD";
			};
			name = Debug;
		};
		C05440461D001F32004891F5 /* Release */ = {
			isa = XCBuildConfiguration;
			buildSettings = {
				BUNDLE_LOADER = "$(TEST_HOST)";
				INFOPLIST_FILE = ASDTests/Info.plist;
				LD_RUNPATH_SEARCH_PATHS = "$(inherited) @executable_path/Frameworks @loader_path/Frameworks";
				PRODUCT_BUNDLE_IDENTIFIER = Geetion.ASDTests;
				PRODUCT_NAME = "$(TARGET_NAME)";
				TEST_HOST = "$(BUILT_PRODUCTS_DIR)/ASD.app/ASD";
			};
			name = Release;
		};
		C05440481D001F32004891F5 /* Debug */ = {
			isa = XCBuildConfiguration;
			buildSettings = {
				INFOPLIST_FILE = ASDUITests/Info.plist;
				LD_RUNPATH_SEARCH_PATHS = "$(inherited) @executable_path/Frameworks @loader_path/Frameworks";
				PRODUCT_BUNDLE_IDENTIFIER = Geetion.ASDUITests;
				PRODUCT_NAME = "$(TARGET_NAME)";
				TEST_TARGET_NAME = ASD;
			};
			name = Debug;
		};
		C05440491D001F32004891F5 /* Release */ = {
			isa = XCBuildConfiguration;
			buildSettings = {
				INFOPLIST_FILE = ASDUITests/Info.plist;
				LD_RUNPATH_SEARCH_PATHS = "$(inherited) @executable_path/Frameworks @loader_path/Frameworks";
				PRODUCT_BUNDLE_IDENTIFIER = Geetion.ASDUITests;
				PRODUCT_NAME = "$(TARGET_NAME)";
				TEST_TARGET_NAME = ASD;
			};
			name = Release;
		};
/* End XCBuildConfiguration section */

/* Begin XCConfigurationList section */
		C05440141D001F32004891F5 /* Build configuration list for PBXProject "ASD" */ = {
			isa = XCConfigurationList;
			buildConfigurations = (
				C054403F1D001F32004891F5 /* Debug */,
				C05440401D001F32004891F5 /* Release */,
			);
			defaultConfigurationIsVisible = 0;
			defaultConfigurationName = Release;
		};
		C05440411D001F32004891F5 /* Build configuration list for PBXNativeTarget "ASD" */ = {
			isa = XCConfigurationList;
			buildConfigurations = (
				C05440421D001F32004891F5 /* Debug */,
				C05440431D001F32004891F5 /* Release */,
			);
			defaultConfigurationIsVisible = 0;
			defaultConfigurationName = Release;
		};
		C05440441D001F32004891F5 /* Build configuration list for PBXNativeTarget "ASDTests" */ = {
			isa = XCConfigurationList;
			buildConfigurations = (
				C05440451D001F32004891F5 /* Debug */,
				C05440461D001F32004891F5 /* Release */,
			);
			defaultConfigurationIsVisible = 0;
			defaultConfigurationName = Release;
		};
		C05440471D001F32004891F5 /* Build configuration list for PBXNativeTarget "ASDUITests" */ = {
			isa = XCConfigurationList;
			buildConfigurations = (
				C05440481D001F32004891F5 /* Debug */,
				C05440491D001F32004891F5 /* Release */,
			);
			defaultConfigurationIsVisible = 0;
			defaultConfigurationName = Release;
		};
/* End XCConfigurationList section */
	};
	rootObject = C05440111D001F32004891F5 /* Project object */;
}
